
Microsoft Visual Studio Solution File, Format Version 12.00
# Visual Studio Version 16
VisualStudioVersion = 16.0.32929.386
MinimumVisualStudioVersion = 10.0.40219.1
Project("{FAE04EC0-301F-11D3-BF4B-00C04F79EFBC}") = "Lab2", "Lab2\Lab2.csproj", "{1428A8A5-3AB0-437B-902B-6AE24ED1B99F}"
EndProject
Global
	GlobalSection(SolutionConfigurationPlatforms) = preSolution
		Debug|Any CPU = Debug|Any CPU
		Release|Any CPU = Release|Any CPU
	EndGlobalSection
	GlobalSection(ProjectConfigurationPlatforms) = postSolution
		{1428A8A5-3AB0-437B-902B-6AE24ED1B99F}.Debug|Any CPU.ActiveCfg = Debug|Any CPU
		{1428A8A5-3AB0-437B-902B-6AE24ED1B99F}.Debug|Any CPU.Build.0 = Debug|Any CPU
		{1428A8A5-3AB0-437B-902B-6AE24ED1B99F}.Release|Any CPU.ActiveCfg = Release|Any CPU
		{1428A8A5-3AB0-437B-902B-6AE24ED1B99F}.Release|Any CPU.Build.0 = Release|Any CPU
	EndGlobalSection
	GlobalSection(SolutionProperties) = preSolution
		HideSolutionNode = FALSE
	EndGlobalSection
	GlobalSection(ExtensibilityGlobals) = postSolution
		SolutionGuid = {EB08CD15-B673-467D-B929-841A2F688695}
	EndGlobalSection
EndGlobal
